// !$*UTF8*$!
{
	archiveVersion = 1;
	classes = {
	};
	objectVersion = 46;
	objects = {

/* Begin PBXBuildFile section */
		C5F7B7A917B9CC5A00FB6223 /* Foundation.framework in Frameworks */ = {isa = PBXBuildFile; fileRef = C5F7B7A817B9CC5A00FB6223 /* Foundation.framework */; };
		C5F7B7AB17B9CC5A00FB6223 /* CoreGraphics.framework in Frameworks */ = {isa = PBXBuildFile; fileRef = C5F7B7AA17B9CC5A00FB6223 /* CoreGraphics.framework */; };
		C5F7B7AD17B9CC5A00FB6223 /* UIKit.framework in Frameworks */ = {isa = PBXBuildFile; fileRef = C5F7B7AC17B9CC5A00FB6223 /* UIKit.framework */; };
		C5F7B7B317B9CC5A00FB6223 /* InfoPlist.strings in Resources */ = {isa = PBXBuildFile; fileRef = C5F7B7B117B9CC5A00FB6223 /* InfoPlist.strings */; };
		C5F7B7B517B9CC5A00FB6223 /* main.m in Sources */ = {isa = PBXBuildFile; fileRef = C5F7B7B417B9CC5A00FB6223 /* main.m */; };
		C5F7B7B917B9CC5A00FB6223 /* AppDelegate.m in Sources */ = {isa = PBXBuildFile; fileRef = C5F7B7B817B9CC5A00FB6223 /* AppDelegate.m */; };
		C5F7B7BC17B9CC5A00FB6223 /* Main.storyboard in Resources */ = {isa = PBXBuildFile; fileRef = C5F7B7BA17B9CC5A00FB6223 /* Main.storyboard */; };
		C5F7B7BF17B9CC5A00FB6223 /* ViewController.m in Sources */ = {isa = PBXBuildFile; fileRef = C5F7B7BE17B9CC5A00FB6223 /* ViewController.m */; };
		C5F7B7C117B9CC5A00FB6223 /* Images.xcassets in Resources */ = {isa = PBXBuildFile; fileRef = C5F7B7C017B9CC5A00FB6223 /* Images.xcassets */; };
		C5F7B7C817B9CC5A00FB6223 /* XCTest.framework in Frameworks */ = {isa = PBXBuildFile; fileRef = C5F7B7C717B9CC5A00FB6223 /* XCTest.framework */; };
		C5F7B7C917B9CC5A00FB6223 /* Foundation.framework in Frameworks */ = {isa = PBXBuildFile; fileRef = C5F7B7A817B9CC5A00FB6223 /* Foundation.framework */; };
		C5F7B7CA17B9CC5A00FB6223 /* UIKit.framework in Frameworks */ = {isa = PBXBuildFile; fileRef = C5F7B7AC17B9CC5A00FB6223 /* UIKit.framework */; };
		C5F7B7D217B9CC5A00FB6223 /* InfoPlist.strings in Resources */ = {isa = PBXBuildFile; fileRef = C5F7B7D017B9CC5A00FB6223 /* InfoPlist.strings */; };
		C5F7B7D417B9CC5A00FB6223 /* iParkingTests.m in Sources */ = {isa = PBXBuildFile; fileRef = C5F7B7D317B9CC5A00FB6223 /* iParkingTests.m */; };
		C5F7B7E317B9D74500FB6223 /* Core.m in Sources */ = {isa = PBXBuildFile; fileRef = C5F7B7E217B9D74500FB6223 /* Core.m */; };
		CE929A9017BB613B004B87AC /* MapKit.framework in Frameworks */ = {isa = PBXBuildFile; fileRef = CE929A8F17BB613B004B87AC /* MapKit.framework */; };
		CEBD06D817BA506500E22A12 /* image.gif in Resources */ = {isa = PBXBuildFile; fileRef = CEBD06D717BA506500E22A12 /* image.gif */; };
/* End PBXBuildFile section */

/* Begin PBXContainerItemProxy section */
		C5F7B7CB17B9CC5A00FB6223 /* PBXContainerItemProxy */ = {
			isa = PBXContainerItemProxy;
			containerPortal = C5F7B79D17B9CC5A00FB6223 /* Project object */;
			proxyType = 1;
			remoteGlobalIDString = C5F7B7A417B9CC5A00FB6223;
			remoteInfo = iParking;
		};
/* End PBXContainerItemProxy section */

/* Begin PBXFileReference section */
		C5F7B7A517B9CC5A00FB6223 /* iParking.app */ = {isa = PBXFileReference; explicitFileType = wrapper.application; includeInIndex = 0; path = iParking.app; sourceTree = BUILT_PRODUCTS_DIR; };
		C5F7B7A817B9CC5A00FB6223 /* Foundation.framework */ = {isa = PBXFileReference; lastKnownFileType = wrapper.framework; name = Foundation.framework; path = System/Library/Frameworks/Foundation.framework; sourceTree = SDKROOT; };
		C5F7B7AA17B9CC5A00FB6223 /* CoreGraphics.framework */ = {isa = PBXFileReference; lastKnownFileType = wrapper.framework; name = CoreGraphics.framework; path = System/Library/Frameworks/CoreGraphics.framework; sourceTree = SDKROOT; };
		C5F7B7AC17B9CC5A00FB6223 /* UIKit.framework */ = {isa = PBXFileReference; lastKnownFileType = wrapper.framework; name = UIKit.framework; path = System/Library/Frameworks/UIKit.framework; sourceTree = SDKROOT; };
		C5F7B7B017B9CC5A00FB6223 /* iParking-Info.plist */ = {isa = PBXFileReference; lastKnownFileType = text.plist.xml; path = "iParking-Info.plist"; sourceTree = "<group>"; };
		C5F7B7B217B9CC5A00FB6223 /* en */ = {isa = PBXFileReference; lastKnownFileType = text.plist.strings; name = en; path = en.lproj/InfoPlist.strings; sourceTree = "<group>"; };
		C5F7B7B417B9CC5A00FB6223 /* main.m */ = {isa = PBXFileReference; lastKnownFileType = sourcecode.c.objc; path = main.m; sourceTree = "<group>"; };
		C5F7B7B617B9CC5A00FB6223 /* iParking-Prefix.pch */ = {isa = PBXFileReference; lastKnownFileType = sourcecode.c.h; path = "iParking-Prefix.pch"; sourceTree = "<group>"; };
		C5F7B7B717B9CC5A00FB6223 /* AppDelegate.h */ = {isa = PBXFileReference; lastKnownFileType = sourcecode.c.h; path = AppDelegate.h; sourceTree = "<group>"; };
		C5F7B7B817B9CC5A00FB6223 /* AppDelegate.m */ = {isa = PBXFileReference; lastKnownFileType = sourcecode.c.objc; path = AppDelegate.m; sourceTree = "<group>"; };
		C5F7B7BB17B9CC5A00FB6223 /* Base */ = {isa = PBXFileReference; lastKnownFileType = file.storyboard; name = Base; path = Base.lproj/Main.storyboard; sourceTree = "<group>"; };
		C5F7B7BD17B9CC5A00FB6223 /* ViewController.h */ = {isa = PBXFileReference; lastKnownFileType = sourcecode.c.h; path = ViewController.h; sourceTree = "<group>"; };
		C5F7B7BE17B9CC5A00FB6223 /* ViewController.m */ = {isa = PBXFileReference; lastKnownFileType = sourcecode.c.objc; path = ViewController.m; sourceTree = "<group>"; };
		C5F7B7C017B9CC5A00FB6223 /* Images.xcassets */ = {isa = PBXFileReference; lastKnownFileType = folder.assetcatalog; path = Images.xcassets; sourceTree = "<group>"; };
		C5F7B7C617B9CC5A00FB6223 /* iParkingTests.xctest */ = {isa = PBXFileReference; explicitFileType = wrapper.cfbundle; includeInIndex = 0; path = iParkingTests.xctest; sourceTree = BUILT_PRODUCTS_DIR; };
		C5F7B7C717B9CC5A00FB6223 /* XCTest.framework */ = {isa = PBXFileReference; lastKnownFileType = wrapper.framework; name = XCTest.framework; path = Library/Frameworks/XCTest.framework; sourceTree = DEVELOPER_DIR; };
		C5F7B7CF17B9CC5A00FB6223 /* iParkingTests-Info.plist */ = {isa = PBXFileReference; lastKnownFileType = text.plist.xml; path = "iParkingTests-Info.plist"; sourceTree = "<group>"; };
		C5F7B7D117B9CC5A00FB6223 /* en */ = {isa = PBXFileReference; lastKnownFileType = text.plist.strings; name = en; path = en.lproj/InfoPlist.strings; sourceTree = "<group>"; };
		C5F7B7D317B9CC5A00FB6223 /* iParkingTests.m */ = {isa = PBXFileReference; lastKnownFileType = sourcecode.c.objc; path = iParkingTests.m; sourceTree = "<group>"; };
		C5F7B7E117B9D74500FB6223 /* Core.h */ = {isa = PBXFileReference; fileEncoding = 4; lastKnownFileType = sourcecode.c.h; path = Core.h; sourceTree = "<group>"; };
		C5F7B7E217B9D74500FB6223 /* Core.m */ = {isa = PBXFileReference; fileEncoding = 4; lastKnownFileType = sourcecode.c.objc; path = Core.m; sourceTree = "<group>"; };
		CE929A8F17BB613B004B87AC /* MapKit.framework */ = {isa = PBXFileReference; lastKnownFileType = wrapper.framework; name = MapKit.framework; path = System/Library/Frameworks/MapKit.framework; sourceTree = SDKROOT; };
		CEBD06D717BA506500E22A12 /* image.gif */ = {isa = PBXFileReference; lastKnownFileType = image.gif; path = image.gif; sourceTree = SOURCE_ROOT; };
/* End PBXFileReference section */

/* Begin PBXFrameworksBuildPhase section */
		C5F7B7A217B9CC5A00FB6223 /* Frameworks */ = {
			isa = PBXFrameworksBuildPhase;
			buildActionMask = 2147483647;
			files = (
				CE929A9017BB613B004B87AC /* MapKit.framework in Frameworks */,
				C5F7B7AB17B9CC5A00FB6223 /* CoreGraphics.framework in Frameworks */,
				C5F7B7AD17B9CC5A00FB6223 /* UIKit.framework in Frameworks */,
				C5F7B7A917B9CC5A00FB6223 /* Foundation.framework in Frameworks */,
			);
			runOnlyForDeploymentPostprocessing = 0;
		};
		C5F7B7C317B9CC5A00FB6223 /* Frameworks */ = {
			isa = PBXFrameworksBuildPhase;
			buildActionMask = 2147483647;
			files = (
				C5F7B7C817B9CC5A00FB6223 /* XCTest.framework in Frameworks */,
				C5F7B7CA17B9CC5A00FB6223 /* UIKit.framework in Frameworks */,
				C5F7B7C917B9CC5A00FB6223 /* Foundation.framework in Frameworks */,
			);
			runOnlyForDeploymentPostprocessing = 0;
		};
/* End PBXFrameworksBuildPhase section */

/* Begin PBXGroup section */
		C5F7B79C17B9CC5A00FB6223 = {
			isa = PBXGroup;
			children = (
				C5F7B7AE17B9CC5A00FB6223 /* iParking */,
				C5F7B7CD17B9CC5A00FB6223 /* iParkingTests */,
				C5F7B7A717B9CC5A00FB6223 /* Frameworks */,
				C5F7B7A617B9CC5A00FB6223 /* Products */,
			);
			sourceTree = "<group>";
		};
		C5F7B7A617B9CC5A00FB6223 /* Products */ = {
			isa = PBXGroup;
			children = (
				C5F7B7A517B9CC5A00FB6223 /* iParking.app */,
				C5F7B7C617B9CC5A00FB6223 /* iParkingTests.xctest */,
			);
			name = Products;
			sourceTree = "<group>";
		};
		C5F7B7A717B9CC5A00FB6223 /* Frameworks */ = {
			isa = PBXGroup;
			children = (
				CE929A8F17BB613B004B87AC /* MapKit.framework */,
				C5F7B7A817B9CC5A00FB6223 /* Foundation.framework */,
				C5F7B7AA17B9CC5A00FB6223 /* CoreGraphics.framework */,
				C5F7B7AC17B9CC5A00FB6223 /* UIKit.framework */,
				C5F7B7C717B9CC5A00FB6223 /* XCTest.framework */,
			);
			name = Frameworks;
			sourceTree = "<group>";
		};
		C5F7B7AE17B9CC5A00FB6223 /* iParking */ = {
			isa = PBXGroup;
			children = (
				C5F7B7E017B9D57E00FB6223 /* ESI */,
				C5F7B7DF17B9D57600FB6223 /* DataStore */,
				C5F7B7DE17B9D56D00FB6223 /* UI */,
				C5F7B7DD17B9D55F00FB6223 /* Core */,
				C5F7B7AF17B9CC5A00FB6223 /* Supporting Files */,
			);
			path = iParking;
			sourceTree = "<group>";
		};
		C5F7B7AF17B9CC5A00FB6223 /* Supporting Files */ = {
			isa = PBXGroup;
			children = (
				C5F7B7B717B9CC5A00FB6223 /* AppDelegate.h */,
				C5F7B7B817B9CC5A00FB6223 /* AppDelegate.m */,
				C5F7B7C017B9CC5A00FB6223 /* Images.xcassets */,
				C5F7B7B017B9CC5A00FB6223 /* iParking-Info.plist */,
				CEBD06D717BA506500E22A12 /* image.gif */,
				C5F7B7B117B9CC5A00FB6223 /* InfoPlist.strings */,
				C5F7B7B417B9CC5A00FB6223 /* main.m */,
				C5F7B7B617B9CC5A00FB6223 /* iParking-Prefix.pch */,
			);
			name = "Supporting Files";
			sourceTree = "<group>";
		};
		C5F7B7CD17B9CC5A00FB6223 /* iParkingTests */ = {
			isa = PBXGroup;
			children = (
				C5F7B7D317B9CC5A00FB6223 /* iParkingTests.m */,
				C5F7B7CE17B9CC5A00FB6223 /* Supporting Files */,
			);
			path = iParkingTests;
			sourceTree = "<group>";
		};
		C5F7B7CE17B9CC5A00FB6223 /* Supporting Files */ = {
			isa = PBXGroup;
			children = (
				C5F7B7CF17B9CC5A00FB6223 /* iParkingTests-Info.plist */,
				C5F7B7D017B9CC5A00FB6223 /* InfoPlist.strings */,
			);
			name = "Supporting Files";
			sourceTree = "<group>";
		};
		C5F7B7DD17B9D55F00FB6223 /* Core */ = {
			isa = PBXGroup;
			children = (
				C5F7B7E117B9D74500FB6223 /* Core.h */,
				C5F7B7E217B9D74500FB6223 /* Core.m */,
			);
			name = Core;
			sourceTree = "<group>";
		};
		C5F7B7DE17B9D56D00FB6223 /* UI */ = {
			isa = PBXGroup;
			children = (
				C5F7B7BA17B9CC5A00FB6223 /* Main.storyboard */,
				C5F7B7BD17B9CC5A00FB6223 /* ViewController.h */,
				C5F7B7BE17B9CC5A00FB6223 /* ViewController.m */,
			);
			name = UI;
			sourceTree = "<group>";
		};
		C5F7B7DF17B9D57600FB6223 /* DataStore */ = {
			isa = PBXGroup;
			children = (
			);
			name = DataStore;
			sourceTree = "<group>";
		};
		C5F7B7E017B9D57E00FB6223 /* ESI */ = {
			isa = PBXGroup;
			children = (
			);
			name = ESI;
			sourceTree = "<group>";
		};
/* End PBXGroup section */

/* Begin PBXNativeTarget section */
		C5F7B7A417B9CC5A00FB6223 /* iParking */ = {
			isa = PBXNativeTarget;
			buildConfigurationList = C5F7B7D717B9CC5A00FB6223 /* Build configuration list for PBXNativeTarget "iParking" */;
			buildPhases = (
				C5F7B7A117B9CC5A00FB6223 /* Sources */,
				C5F7B7A217B9CC5A00FB6223 /* Frameworks */,
				C5F7B7A317B9CC5A00FB6223 /* Resources */,
			);
			buildRules = (
			);
			dependencies = (
			);
			name = iParking;
			productName = iParking;
			productReference = C5F7B7A517B9CC5A00FB6223 /* iParking.app */;
			productType = "com.apple.product-type.application";
		};
		C5F7B7C517B9CC5A00FB6223 /* iParkingTests */ = {
			isa = PBXNativeTarget;
			buildConfigurationList = C5F7B7DA17B9CC5A00FB6223 /* Build configuration list for PBXNativeTarget "iParkingTests" */;
			buildPhases = (
				C5F7B7C217B9CC5A00FB6223 /* Sources */,
				C5F7B7C317B9CC5A00FB6223 /* Frameworks */,
				C5F7B7C417B9CC5A00FB6223 /* Resources */,
			);
			buildRules = (
			);
			dependencies = (
				C5F7B7CC17B9CC5A00FB6223 /* PBXTargetDependency */,
			);
			name = iParkingTests;
			productName = iParkingTests;
			productReference = C5F7B7C617B9CC5A00FB6223 /* iParkingTests.xctest */;
			productType = "com.apple.product-type.bundle.unit-test";
		};
/* End PBXNativeTarget section */

/* Begin PBXProject section */
		C5F7B79D17B9CC5A00FB6223 /* Project object */ = {
			isa = PBXProject;
			attributes = {
				LastUpgradeCheck = 0500;
				ORGANIZATIONNAME = "Ramil Garaev";
				TargetAttributes = {
					C5F7B7C517B9CC5A00FB6223 = {
						TestTargetID = C5F7B7A417B9CC5A00FB6223;
					};
				};
			};
			buildConfigurationList = C5F7B7A017B9CC5A00FB6223 /* Build configuration list for PBXProject "iParking" */;
			compatibilityVersion = "Xcode 3.2";
			developmentRegion = English;
			hasScannedForEncodings = 0;
			knownRegions = (
				en,
				Base,
			);
			mainGroup = C5F7B79C17B9CC5A00FB6223;
			productRefGroup = C5F7B7A617B9CC5A00FB6223 /* Products */;
			projectDirPath = "";
			projectRoot = "";
			targets = (
				C5F7B7A417B9CC5A00FB6223 /* iParking */,
				C5F7B7C517B9CC5A00FB6223 /* iParkingTests */,
			);
		};
/* End PBXProject section */

/* Begin PBXResourcesBuildPhase section */
		C5F7B7A317B9CC5A00FB6223 /* Resources */ = {
			isa = PBXResourcesBuildPhase;
			buildActionMask = 2147483647;
			files = (
				CEBD06D817BA506500E22A12 /* image.gif in Resources */,
				C5F7B7C117B9CC5A00FB6223 /* Images.xcassets in Resources */,
				C5F7B7B317B9CC5A00FB6223 /* InfoPlist.strings in Resources */,
				C5F7B7BC17B9CC5A00FB6223 /* Main.storyboard in Resources */,
			);
			runOnlyForDeploymentPostprocessing = 0;
		};
		C5F7B7C417B9CC5A00FB6223 /* Resources */ = {
			isa = PBXResourcesBuildPhase;
			buildActionMask = 2147483647;
			files = (
				C5F7B7D217B9CC5A00FB6223 /* InfoPlist.strings in Resources */,
			);
			runOnlyForDeploymentPostprocessing = 0;
		};
/* End PBXResourcesBuildPhase section */

/* Begin PBXSourcesBuildPhase section */
		C5F7B7A117B9CC5A00FB6223 /* Sources */ = {
			isa = PBXSourcesBuildPhase;
			buildActionMask = 2147483647;
			files = (
				C5F7B7BF17B9CC5A00FB6223 /* ViewController.m in Sources */,
				C5F7B7B917B9CC5A00FB6223 /* AppDelegate.m in Sources */,
				C5F7B7E317B9D74500FB6223 /* Core.m in Sources */,
				C5F7B7B517B9CC5A00FB6223 /* main.m in Sources */,
			);
			runOnlyForDeploymentPostprocessing = 0;
		};
		C5F7B7C217B9CC5A00FB6223 /* Sources */ = {
			isa = PBXSourcesBuildPhase;
			buildActionMask = 2147483647;
			files = (
				C5F7B7D417B9CC5A00FB6223 /* iParkingTests.m in Sources */,
			);
			runOnlyForDeploymentPostprocessing = 0;
		};
/* End PBXSourcesBuildPhase section */

/* Begin PBXTargetDependency section */
		C5F7B7CC17B9CC5A00FB6223 /* PBXTargetDependency */ = {
			isa = PBXTargetDependency;
			target = C5F7B7A417B9CC5A00FB6223 /* iParking */;
			targetProxy = C5F7B7CB17B9CC5A00FB6223 /* PBXContainerItemProxy */;
		};
/* End PBXTargetDependency section */

/* Begin PBXVariantGroup section */
		C5F7B7B117B9CC5A00FB6223 /* InfoPlist.strings */ = {
			isa = PBXVariantGroup;
			children = (
				C5F7B7B217B9CC5A00FB6223 /* en */,
			);
			name = InfoPlist.strings;
			sourceTree = "<group>";
		};
		C5F7B7BA17B9CC5A00FB6223 /* Main.storyboard */ = {
			isa = PBXVariantGroup;
			children = (
				C5F7B7BB17B9CC5A00FB6223 /* Base */,
			);
			name = Main.storyboard;
			sourceTree = "<group>";
		};
		C5F7B7D017B9CC5A00FB6223 /* InfoPlist.strings */ = {
			isa = PBXVariantGroup;
			children = (
				C5F7B7D117B9CC5A00FB6223 /* en */,
			);
			name = InfoPlist.strings;
			sourceTree = "<group>";
		};
/* End PBXVariantGroup section */

/* Begin XCBuildConfiguration section */
		C5F7B7D517B9CC5A00FB6223 /* Debug */ = {
			isa = XCBuildConfiguration;
			buildSettings = {
				ALWAYS_SEARCH_USER_PATHS = NO;
				CLANG_CXX_LANGUAGE_STANDARD = "gnu++0x";
				CLANG_CXX_LIBRARY = "libc++";
				CLANG_ENABLE_MODULES = YES;
				CLANG_ENABLE_OBJC_ARC = YES;
				CLANG_WARN_BOOL_CONVERSION = YES;
				CLANG_WARN_CONSTANT_CONVERSION = YES;
				CLANG_WARN_DIRECT_OBJC_ISA_USAGE = YES_ERROR;
				CLANG_WARN_EMPTY_BODY = YES;
				CLANG_WARN_ENUM_CONVERSION = YES;
				CLANG_WARN_INT_CONVERSION = YES;
				CLANG_WARN_OBJC_ROOT_CLASS = YES_ERROR;
				CLANG_WARN__DUPLICATE_METHOD_MATCH = YES;
				"CODE_SIGN_IDENTITY[sdk=iphoneos*]" = "iPhone Developer";
				COPY_PHASE_STRIP = NO;
				GCC_C_LANGUAGE_STANDARD = gnu99;
				GCC_DYNAMIC_NO_PIC = NO;
				GCC_OPTIMIZATION_LEVEL = 0;
				GCC_PREPROCESSOR_DEFINITIONS = (
					"DEBUG=1",
					"$(inherited)",
				);
				GCC_SYMBOLS_PRIVATE_EXTERN = NO;
				GCC_WARN_ABOUT_RETURN_TYPE = YES_ERROR;
				GCC_WARN_UNDECLARED_SELECTOR = YES;
				GCC_WARN_UNINITIALIZED_AUTOS = YES;
				GCC_WARN_UNUSED_FUNCTION = YES;
				GCC_WARN_UNUSED_VARIABLE = YES;
				IPHONEOS_DEPLOYMENT_TARGET = 7.0;
				ONLY_ACTIVE_ARCH = YES;
				SDKROOT = iphoneos;
			};
			name = Debug;
		};
		C5F7B7D617B9CC5A00FB6223 /* Release */ = {
			isa = XCBuildConfiguration;
			buildSettings = {
				ALWAYS_SEARCH_USER_PATHS = NO;
				CLANG_CXX_LANGUAGE_STANDARD = "gnu++0x";
				CLANG_CXX_LIBRARY = "libc++";
				CLANG_ENABLE_MODULES = YES;
				CLANG_ENABLE_OBJC_ARC = YES;
				CLANG_WARN_BOOL_CONVERSION = YES;
				CLANG_WARN_CONSTANT_CONVERSION = YES;
				CLANG_WARN_DIRECT_OBJC_ISA_USAGE = YES_ERROR;
				CLANG_WARN_EMPTY_BODY = YES;
				CLANG_WARN_ENUM_CONVERSION = YES;
				CLANG_WARN_INT_CONVERSION = YES;
				CLANG_WARN_OBJC_ROOT_CLASS = YES_ERROR;
				CLANG_WARN__DUPLICATE_METHOD_MATCH = YES;
				"CODE_SIGN_IDENTITY[sdk=iphoneos*]" = "iPhone Developer";
				COPY_PHASE_STRIP = YES;
				ENABLE_NS_ASSERTIONS = NO;
				GCC_C_LANGUAGE_STANDARD = gnu99;
				GCC_WARN_ABOUT_RETURN_TYPE = YES_ERROR;
				GCC_WARN_UNDECLARED_SELECTOR = YES;
				GCC_WARN_UNINITIALIZED_AUTOS = YES;
				GCC_WARN_UNUSED_FUNCTION = YES;
				GCC_WARN_UNUSED_VARIABLE = YES;
				IPHONEOS_DEPLOYMENT_TARGET = 7.0;
				SDKROOT = iphoneos;
				VALIDATE_PRODUCT = YES;
			};
			name = Release;
		};
		C5F7B7D817B9CC5A00FB6223 /* Debug */ = {
			isa = XCBuildConfiguration;
			buildSettings = {
				ASSETCATALOG_COMPILER_APPICON_NAME = AppIcon;
				ASSETCATALOG_COMPILER_LAUNCHIMAGE_NAME = LaunchImage;
				GCC_PRECOMPILE_PREFIX_HEADER = YES;
				GCC_PREFIX_HEADER = "iParking/iParking-Prefix.pch";
				INFOPLIST_FILE = "iParking/iParking-Info.plist";
				IPHONEOS_DEPLOYMENT_TARGET = 6.1;
				PRODUCT_NAME = "$(TARGET_NAME)";
				WRAPPER_EXTENSION = app;
			};
			name = Debug;
		};
		C5F7B7D917B9CC5A00FB6223 /* Release */ = {
			isa = XCBuildConfiguration;
			buildSettings = {
				ASSETCATALOG_COMPILER_APPICON_NAME = AppIcon;
				ASSETCATALOG_COMPILER_LAUNCHIMAGE_NAME = LaunchImage;
				GCC_PRECOMPILE_PREFIX_HEADER = YES;
				GCC_PREFIX_HEADER = "iParking/iParking-Prefix.pch";
				INFOPLIST_FILE = "iParking/iParking-Info.plist";
				IPHONEOS_DEPLOYMENT_TARGET = 6.1;
				PRODUCT_NAME = "$(TARGET_NAME)";
				WRAPPER_EXTENSION = app;
			};
			name = Release;
		};
		C5F7B7DB17B9CC5A00FB6223 /* Debug */ = {
			isa = XCBuildConfiguration;
			buildSettings = {
				BUNDLE_LOADER = "$(BUILT_PRODUCTS_DIR)/iParking.app/iParking";
				FRAMEWORK_SEARCH_PATHS = (
					"$(SDKROOT)/Developer/Library/Frameworks",
					"$(inherited)",
					"$(DEVELOPER_FRAMEWORKS_DIR)",
				);
				GCC_PRECOMPILE_PREFIX_HEADER = YES;
				GCC_PREFIX_HEADER = "iParking/iParking-Prefix.pch";
				GCC_PREPROCESSOR_DEFINITIONS = (
					"DEBUG=1",
					"$(inherited)",
				);
				INFOPLIST_FILE = "iParkingTests/iParkingTests-Info.plist";
				PRODUCT_NAME = "$(TARGET_NAME)";
				TEST_HOST = "$(BUNDLE_LOADER)";
				WRAPPER_EXTENSION = xctest;
			};
			name = Debug;
		};
		C5F7B7DC17B9CC5A00FB6223 /* Release */ = {
			isa = XCBuildConfiguration;
			buildSettings = {
				BUNDLE_LOADER = "$(BUILT_PRODUCTS_DIR)/iParking.app/iParking";
				FRAMEWORK_SEARCH_PATHS = (
					"$(SDKROOT)/Developer/Library/Frameworks",
					"$(inherited)",
					"$(DEVELOPER_FRAMEWORKS_DIR)",
				);
				GCC_PRECOMPILE_PREFIX_HEADER = YES;
				GCC_PREFIX_HEADER = "iParking/iParking-Prefix.pch";
				INFOPLIST_FILE = "iParkingTests/iParkingTests-Info.plist";
				PRODUCT_NAME = "$(TARGET_NAME)";
				TEST_HOST = "$(BUNDLE_LOADER)";
				WRAPPER_EXTENSION = xctest;
			};
			name = Release;
		};
/* End XCBuildConfiguration section */

/* Begin XCConfigurationList section */
		C5F7B7A017B9CC5A00FB6223 /* Build configuration list for PBXProject "iParking" */ = {
			isa = XCConfigurationList;
			buildConfigurations = (
				C5F7B7D517B9CC5A00FB6223 /* Debug */,
				C5F7B7D617B9CC5A00FB6223 /* Release */,
			);
			defaultConfigurationIsVisible = 0;
			defaultConfigurationName = Release;
		};
		C5F7B7D717B9CC5A00FB6223 /* Build configuration list for PBXNativeTarget "iParking" */ = {
			isa = XCConfigurationList;
			buildConfigurations = (
				C5F7B7D817B9CC5A00FB6223 /* Debug */,
				C5F7B7D917B9CC5A00FB6223 /* Release */,
			);
			defaultConfigurationIsVisible = 0;
			defaultConfigurationName = Release;
		};
		C5F7B7DA17B9CC5A00FB6223 /* Build configuration list for PBXNativeTarget "iParkingTests" */ = {
			isa = XCConfigurationList;
			buildConfigurations = (
				C5F7B7DB17B9CC5A00FB6223 /* Debug */,
				C5F7B7DC17B9CC5A00FB6223 /* Release */,
			);
			defaultConfigurationIsVisible = 0;
			defaultConfigurationName = Release;
		};
/* End XCConfigurationList section */
	};
	rootObject = C5F7B79D17B9CC5A00FB6223 /* Project object */;
}
